
Microsoft Visual Studio Solution File, Format Version 12.00
# Blend for Visual Studio Version 16
VisualStudioVersion = 16.0.29806.167
MinimumVisualStudioVersion = 10.0.40219.1
Project("{FAE04EC0-301F-11D3-BF4B-00C04F79EFBC}") = "arcgis3dtest1", "arcgis3dtest1.csproj", "{59D2E38C-799B-42D8-9FD0-E80F5C17724E}"
EndProject
Global
	GlobalSection(SolutionConfigurationPlatforms) = preSolution
		Debug|Any CPU = Debug|Any CPU
		Release|Any CPU = Release|Any CPU
	EndGlobalSection
	GlobalSection(ProjectConfigurationPlatforms) = postSolution
		{59D2E38C-799B-42D8-9FD0-E80F5C17724E}.Debug|Any CPU.ActiveCfg = Debug|Any CPU
		{59D2E38C-799B-42D8-9FD0-E80F5C17724E}.Debug|Any CPU.Build.0 = Debug|Any CPU
		{59D2E38C-799B-42D8-9FD0-E80F5C17724E}.Release|Any CPU.ActiveCfg = Release|Any CPU
		{59D2E38C-799B-42D8-9FD0-E80F5C17724E}.Release|Any CPU.Build.0 = Release|Any CPU
	EndGlobalSection
	GlobalSection(SolutionProperties) = preSolution
		HideSolutionNode = FALSE
	EndGlobalSection
	GlobalSection(ExtensibilityGlobals) = postSolution
		SolutionGuid = {07CEE432-2F3F-487C-9574-DE5E9DFF285B}
	EndGlobalSection
EndGlobal
